
Microsoft Visual Studio Solution File, Format Version 12.00
Project("{FAE04EC0-301F-11D3-BF4B-00C04F79EFBC}") = "WebApi", "WebApi\WebApi.csproj", "{AA6FC830-A395-44FC-BB5C-62D5E1E9813F}"
EndProject
Global
	GlobalSection(SolutionConfigurationPlatforms) = preSolution
		Debug|Any CPU = Debug|Any CPU
		Release|Any CPU = Release|Any CPU
	EndGlobalSection
	GlobalSection(ProjectConfigurationPlatforms) = postSolution
		{AA6FC830-A395-44FC-BB5C-62D5E1E9813F}.Debug|Any CPU.ActiveCfg = Debug|Any CPU
		{AA6FC830-A395-44FC-BB5C-62D5E1E9813F}.Debug|Any CPU.Build.0 = Debug|Any CPU
		{AA6FC830-A395-44FC-BB5C-62D5E1E9813F}.Release|Any CPU.ActiveCfg = Release|Any CPU
		{AA6FC830-A395-44FC-BB5C-62D5E1E9813F}.Release|Any CPU.Build.0 = Release|Any CPU
	EndGlobalSection
EndGlobal
